
Microsoft Visual Studio Solution File, Format Version 12.00
# Visual Studio Version 17
VisualStudioVersion = 17.3.32929.385
MinimumVisualStudioVersion = 10.0.40219.1
Project("{FAE04EC0-301F-11D3-BF4B-00C04F79EFBC}") = "Week15OOPAndFiles", "Week15OOPAndFiles\Week15OOPAndFiles.csproj", "{F3417A2D-FF82-450F-A178-82E86A014E8F}"
EndProject
Project("{FAE04EC0-301F-11D3-BF4B-00C04F79EFBC}") = "FrozenSecretSanta", "FrozenSecretSanta\FrozenSecretSanta.csproj", "{913C97D1-594F-449A-84B5-E141037504F0}"
EndProject
Global
	GlobalSection(SolutionConfigurationPlatforms) = preSolution
		Debug|Any CPU = Debug|Any CPU
		Release|Any CPU = Release|Any CPU
	EndGlobalSection
	GlobalSection(ProjectConfigurationPlatforms) = postSolution
		{F3417A2D-FF82-450F-A178-82E86A014E8F}.Debug|Any CPU.ActiveCfg = Debug|Any CPU
		{F3417A2D-FF82-450F-A178-82E86A014E8F}.Debug|Any CPU.Build.0 = Debug|Any CPU
		{F3417A2D-FF82-450F-A178-82E86A014E8F}.Release|Any CPU.ActiveCfg = Release|Any CPU
		{F3417A2D-FF82-450F-A178-82E86A014E8F}.Release|Any CPU.Build.0 = Release|Any CPU
		{913C97D1-594F-449A-84B5-E141037504F0}.Debug|Any CPU.ActiveCfg = Debug|Any CPU
		{913C97D1-594F-449A-84B5-E141037504F0}.Debug|Any CPU.Build.0 = Debug|Any CPU
		{913C97D1-594F-449A-84B5-E141037504F0}.Release|Any CPU.ActiveCfg = Release|Any CPU
		{913C97D1-594F-449A-84B5-E141037504F0}.Release|Any CPU.Build.0 = Release|Any CPU
	EndGlobalSection
	GlobalSection(SolutionProperties) = preSolution
		HideSolutionNode = FALSE
	EndGlobalSection
	GlobalSection(ExtensibilityGlobals) = postSolution
		SolutionGuid = {2A9BA915-4D81-48E5-84E2-8257C0B8119F}
	EndGlobalSection
EndGlobal
